<?xml version="1.0" encoding="UTF-8"?>
<CodeBlocks_project_file>
	<FileVersion major="1" minor="6"/>
	<Project>
		<Option title="ppmanipulation"/>
		<Option makefile_is_custom="1"/>
		<Option compiler="gcc"/>
		<Option virtualFolders="CMake Files\;"/>
		<Build>
			<Target title="all">
				<Option working_dir="/home/someone/Repos/ppmanipulation"/>
				<Option type="4"/>
				<MakeCommands>
					<Build command="/usr/bin/gmake -f &quot;/home/someone/Repos/ppmanipulation/Makefile&quot;  VERBOSE=1 all"/>
					<CompileFile command="/usr/bin/gmake -f &quot;/home/someone/Repos/ppmanipulation/Makefile&quot;  VERBOSE=1 &quot;$file&quot;"/>
					<Clean command="/usr/bin/gmake -f &quot;/home/someone/Repos/ppmanipulation/Makefile&quot;  VERBOSE=1 clean"/>
					<DistClean command="/usr/bin/gmake -f &quot;/home/someone/Repos/ppmanipulation/Makefile&quot;  VERBOSE=1 clean"/>
				</MakeCommands>
			</Target>
			<Target title="rebuild_cache">
				<Option working_dir="/home/someone/Repos/ppmanipulation"/>
				<Option type="4"/>
				<MakeCommands>
					<Build command="/usr/bin/gmake -f &quot;/home/someone/Repos/ppmanipulation/Makefile&quot;  VERBOSE=1 rebuild_cache"/>
					<CompileFile command="/usr/bin/gmake -f &quot;/home/someone/Repos/ppmanipulation/Makefile&quot;  VERBOSE=1 &quot;$file&quot;"/>
					<Clean command="/usr/bin/gmake -f &quot;/home/someone/Repos/ppmanipulation/Makefile&quot;  VERBOSE=1 clean"/>
					<DistClean command="/usr/bin/gmake -f &quot;/home/someone/Repos/ppmanipulation/Makefile&quot;  VERBOSE=1 clean"/>
				</MakeCommands>
			</Target>
			<Target title="edit_cache">
				<Option working_dir="/home/someone/Repos/ppmanipulation"/>
				<Option type="4"/>
				<MakeCommands>
					<Build command="/usr/bin/gmake -f &quot;/home/someone/Repos/ppmanipulation/Makefile&quot;  VERBOSE=1 edit_cache"/>
					<CompileFile command="/usr/bin/gmake -f &quot;/home/someone/Repos/ppmanipulation/Makefile&quot;  VERBOSE=1 &quot;$file&quot;"/>
					<Clean command="/usr/bin/gmake -f &quot;/home/someone/Repos/ppmanipulation/Makefile&quot;  VERBOSE=1 clean"/>
					<DistClean command="/usr/bin/gmake -f &quot;/home/someone/Repos/ppmanipulation/Makefile&quot;  VERBOSE=1 clean"/>
				</MakeCommands>
			</Target>
			<Target title="ppmanipulation">
				<Option output="/home/someone/Repos/ppmanipulation/ppmanipulation" prefix_auto="0" extension_auto="0"/>
				<Option working_dir="/home/someone/Repos/ppmanipulation"/>
				<Option object_output="./"/>
				<Option type="1"/>
				<Option compiler="gcc"/>
				<Compiler>
					<Add directory="/home/someone/Repos/ppmanipulation/."/>
				</Compiler>
				<MakeCommands>
					<Build command="/usr/bin/gmake -f &quot;/home/someone/Repos/ppmanipulation/Makefile&quot;  VERBOSE=1 ppmanipulation"/>
					<CompileFile command="/usr/bin/gmake -f &quot;/home/someone/Repos/ppmanipulation/Makefile&quot;  VERBOSE=1 &quot;$file&quot;"/>
					<Clean command="/usr/bin/gmake -f &quot;/home/someone/Repos/ppmanipulation/Makefile&quot;  VERBOSE=1 clean"/>
					<DistClean command="/usr/bin/gmake -f &quot;/home/someone/Repos/ppmanipulation/Makefile&quot;  VERBOSE=1 clean"/>
				</MakeCommands>
			</Target>
			<Target title="ppmanipulation/fast">
				<Option output="/home/someone/Repos/ppmanipulation/ppmanipulation" prefix_auto="0" extension_auto="0"/>
				<Option working_dir="/home/someone/Repos/ppmanipulation"/>
				<Option object_output="./"/>
				<Option type="1"/>
				<Option compiler="gcc"/>
				<Compiler>
					<Add directory="/home/someone/Repos/ppmanipulation/."/>
				</Compiler>
				<MakeCommands>
					<Build command="/usr/bin/gmake -f &quot;/home/someone/Repos/ppmanipulation/Makefile&quot;  VERBOSE=1 ppmanipulation/fast"/>
					<CompileFile command="/usr/bin/gmake -f &quot;/home/someone/Repos/ppmanipulation/Makefile&quot;  VERBOSE=1 &quot;$file&quot;"/>
					<Clean command="/usr/bin/gmake -f &quot;/home/someone/Repos/ppmanipulation/Makefile&quot;  VERBOSE=1 clean"/>
					<DistClean command="/usr/bin/gmake -f &quot;/home/someone/Repos/ppmanipulation/Makefile&quot;  VERBOSE=1 clean"/>
				</MakeCommands>
			</Target>
		</Build>
		<Unit filename="/home/someone/Repos/ppmanipulation/file.c">
			<Option target="ppmanipulation"/>
		</Unit>
		<Unit filename="/home/someone/Repos/ppmanipulation/file.h">
			<Option target="ppmanipulation"/>
		</Unit>
		<Unit filename="/home/someone/Repos/ppmanipulation/image.c">
			<Option target="ppmanipulation"/>
		</Unit>
		<Unit filename="/home/someone/Repos/ppmanipulation/image.h">
			<Option target="ppmanipulation"/>
		</Unit>
		<Unit filename="/home/someone/Repos/ppmanipulation/main.c">
			<Option target="ppmanipulation"/>
		</Unit>
		<Unit filename="/home/someone/Repos/ppmanipulation/CMakeLists.txt">
			<Option virtualFolder="CMake Files\"/>
		</Unit>
	</Project>
</CodeBlocks_project_file>
